// !$*UTF8*$!
{
	archiveVersion = 1;
	classes = {
	};
	objectVersion = 46;
	objects = {
/* Begin PBXBuildFile section */
		0207DA581B56EA530066E2B4 /* Images.xcassets in Resources */ = {isa = PBXBuildFile; fileRef = 0207DA571B56EA530066E2B4 /* Images.xcassets */; };
		1D3623260D0F684500981E51 /* AppDelegate.m in Sources */ = {isa = PBXBuildFile; fileRef = 1D3623250D0F684500981E51 /* AppDelegate.m */; };
		1D60589B0D05DD56006BFB54 /* main.m in Sources */ = {isa = PBXBuildFile; fileRef = 29B97316FDCFA39411CA2CEA /* main.m */; };
		301BF552109A68D80062928A /* libCordova.a in Frameworks */ = {isa = PBXBuildFile; fileRef = 301BF535109A57CC0062928A /* libCordova.a */; };
		302D95F114D2391D003F00A1 /* MainViewController.m in Sources */ = {isa = PBXBuildFile; fileRef = 302D95EF14D2391D003F00A1 /* MainViewController.m */; };
		302D95F214D2391D003F00A1 /* MainViewController.xib in Resources */ = {isa = PBXBuildFile; fileRef = 302D95F014D2391D003F00A1 /* MainViewController.xib */; };
		3047A5121AB8059700498E2A /* build-debug.xcconfig in Resources */ = {isa = PBXBuildFile; fileRef = 3047A50F1AB8059700498E2A /* build-debug.xcconfig */; };
		3047A5131AB8059700498E2A /* build-release.xcconfig in Resources */ = {isa = PBXBuildFile; fileRef = 3047A5101AB8059700498E2A /* build-release.xcconfig */; };
		3047A5141AB8059700498E2A /* build.xcconfig in Resources */ = {isa = PBXBuildFile; fileRef = 3047A5111AB8059700498E2A /* build.xcconfig */; };
		B48E9FA9F94E40279745A21A /* CDVLogger.m in Sources */ = {isa = PBXBuildFile; fileRef = 0AEC2E16FE2949859DBED7EF /* CDVLogger.m */; };
		BDC7146435BC4E2A9FC5C917 /* CDVDevice.m in Sources */ = {isa = PBXBuildFile; fileRef = 75E092B4EDAF43489DE6D596 /* CDVDevice.m */; };
		3654857B6A274EB3A101232F /* CDVSplashScreen.m in Sources */ = {isa = PBXBuildFile; fileRef = 327CBE030DCD4D079F38E58C /* CDVSplashScreen.m */; };
		E891FD11D2534341A23CD95F /* CDVViewController+SplashScreen.m in Sources */ = {isa = PBXBuildFile; fileRef = 17E1AC4099D34E1BBF043FDC /* CDVViewController+SplashScreen.m */; };
		FA097686C15043C58EF02C52 /* CDVStatusBar.m in Sources */ = {isa = PBXBuildFile; fileRef = 0F6FC84C824D4FE192AABB39 /* CDVStatusBar.m */; };
		D0E031538FDD4D9C92F88EEC /* IonicKeyboard.m in Sources */ = {isa = PBXBuildFile; fileRef = CD961989CCF44138BF2FF492 /* IonicKeyboard.m */; };
		2FC3C3AE8ADF440C89E7CE2E /* CDVLocation.m in Sources */ = {isa = PBXBuildFile; fileRef = A889542E3B0C4E7E82E5AA15 /* CDVLocation.m */; };
		38689B723413451A9ADB3726 /* CoreLocation.framework in Frameworks */ = {isa = PBXBuildFile; fileRef = 248AD6677B144BE4ADFEC4E8 /* CoreLocation.framework */; };
		45FF44995505472CA57FE328 /* UIImage+CropScaleOrientation.m in Sources */ = {isa = PBXBuildFile; fileRef = E6066ECF946F4678906BAEE4 /* UIImage+CropScaleOrientation.m */; };
		0C01BC345AF842DE8DCA621C /* CDVCamera.m in Sources */ = {isa = PBXBuildFile; fileRef = 0C6E81E70BA04115ACC413EB /* CDVCamera.m */; };
		290152A700C04692860633C9 /* CDVJpegHeaderWriter.m in Sources */ = {isa = PBXBuildFile; fileRef = C195B930D0D5485EAD1CC1AC /* CDVJpegHeaderWriter.m */; };
		50A513D2EFF649A38D61F4AF /* ImageIO.framework in Frameworks */ = {isa = PBXBuildFile; fileRef = E96B1C6931564D899F36AC16 /* ImageIO.framework */; settings = {ATTRIBUTES = (Weak, ); }; };
		E537831E2FF74B67B8A7B7C0 /* AVFoundation.framework in Frameworks */ = {isa = PBXBuildFile; fileRef = 9FCBA9E9573A46E7A93118A1 /* AVFoundation.framework */; };
		74129F9843A046958034C98F /* CDVCompass.m in Sources */ = {isa = PBXBuildFile; fileRef = 3BF61F836DC44ABFB9253449 /* CDVCompass.m */; };
		53BFCE7641C2457EAE2D2E2A /* Accelerate.framework in Frameworks */ = {isa = PBXBuildFile; fileRef = 720824FBBD4D414F83A8365B /* Accelerate.framework */; };
		EE1962B91F49463792237F5A /* CoreBluetooth.framework in Frameworks */ = {isa = PBXBuildFile; fileRef = B089957618F24AC7A1D84680 /* CoreBluetooth.framework */; };
		753F5CB349F5413A8E83464B /* CoreData.framework in Frameworks */ = {isa = PBXBuildFile; fileRef = 156D90AA01354213840A770A /* CoreData.framework */; };
		6DC6F5598F324F898CA979E7 /* CoreText.framework in Frameworks */ = {isa = PBXBuildFile; fileRef = 76CDD007201C4A4AA4AFF701 /* CoreText.framework */; };
		E6B920BA768F481782FC1AF9 /* GLKit.framework in Frameworks */ = {isa = PBXBuildFile; fileRef = AF055322CA7E4BE792232FFB /* GLKit.framework */; };
		DF7CF05F581A4953A3AFCD22 /* libc++.dylib in Frameworks */ = {isa = PBXBuildFile; fileRef = 7674719453EC4E30835A55DA /* libc++.dylib */; };
		F22D9BC4616547F8ACD8AF30 /* libicucore.dylib in Frameworks */ = {isa = PBXBuildFile; fileRef = 39CFAE6A68944177AF2DB853 /* libicucore.dylib */; };
		862F7F16815B4DD294978ABF /* libz.dylib in Frameworks */ = {isa = PBXBuildFile; fileRef = D25434A017564DD9A83ABA40 /* libz.dylib */; };
		76394EEB270C4FD2A0FDCA75 /* OpenGLES.framework in Frameworks */ = {isa = PBXBuildFile; fileRef = 7FEC543EFF034FFF8F0C23C2 /* OpenGLES.framework */; };
		530968488D34443894F2D697 /* QuartzCore.framework in Frameworks */ = {isa = PBXBuildFile; fileRef = 325DCA3B7DEA4118B8AB8FF6 /* QuartzCore.framework */; };
		7183A848218B4767A3093050 /* SystemConfiguration.framework in Frameworks */ = {isa = PBXBuildFile; fileRef = F552A61BCBE945E29B389285 /* SystemConfiguration.framework */; };
		ACDE981A9B034CC692667BAE /* Security.framework in Frameworks */ = {isa = PBXBuildFile; fileRef = CE00CBE3ADA844A79693D8C6 /* Security.framework */; };
		E89B140C1D664BAE81C347DA /* GoogleMaps.bundle in Resources */ = {isa = PBXBuildFile; fileRef = 05A2F0D74F9F4CC58374D778 /* GoogleMaps.bundle */; };
		9B70C3E3F20B4FDFB1D435A8 /* GoogleMaps.framework in Frameworks */ = {isa = PBXBuildFile; fileRef = 988D3DC82C194883932AE76E /* GoogleMaps.framework */; };
		D3ABC3422A314AEEBC851EAA /* Circle.m in Sources */ = {isa = PBXBuildFile; fileRef = 49B2DAEA012647D4BA744B74 /* Circle.m */; };
		7A4E15096DBD4444B7B76F5A /* External.m in Sources */ = {isa = PBXBuildFile; fileRef = 40B96D81970543BD9231F855 /* External.m */; };
		DC67C870D6B54937977B6360 /* Geocoder.m in Sources */ = {isa = PBXBuildFile; fileRef = 29485AF9449445F09D4F6A1A /* Geocoder.m */; };
		6DAD138475BD4CFB95D1BA4D /* GoogleMaps.m in Sources */ = {isa = PBXBuildFile; fileRef = 614B10AEC9544422B9B91B4B /* GoogleMaps.m */; };
		3CBD7A05D55C49FE9B314E2E /* GoogleMapsViewController.m in Sources */ = {isa = PBXBuildFile; fileRef = 929B06F7CBD74732BAAA7879 /* GoogleMapsViewController.m */; };
		09AC27572578464BA6C3B6FD /* GroundOverlay.m in Sources */ = {isa = PBXBuildFile; fileRef = B37E12E05E564D5E9259401C /* GroundOverlay.m */; };
		3D725040D45248A8B6789E6C /* KmlOverlay.m in Sources */ = {isa = PBXBuildFile; fileRef = 5C212EE39EBD4C5490F29A7E /* KmlOverlay.m */; };
		40385B95838D4EBEAA933F86 /* Map.m in Sources */ = {isa = PBXBuildFile; fileRef = 1222DEB8CFA74DFAB64BA2C6 /* Map.m */; };
		1655C532BF374A07AF812FB1 /* Marker.m in Sources */ = {isa = PBXBuildFile; fileRef = 79384DB6EF054A1EB91755E4 /* Marker.m */; };
		C8F0C23AAEB74295B0D1B205 /* PluginUtil.m in Sources */ = {isa = PBXBuildFile; fileRef = BB6BECCED7EB47DD9E8E69D2 /* PluginUtil.m */; };
		4D3813D069D24AEB9A9AD16F /* Polygon.m in Sources */ = {isa = PBXBuildFile; fileRef = 97E96906197E43B8801F838C /* Polygon.m */; };
		1CE832AA346B4151A95436B5 /* Polyline.m in Sources */ = {isa = PBXBuildFile; fileRef = DC576F68A1FD4BD396F6E441 /* Polyline.m */; };
		CD1B4B8A239D44D3B988B22F /* TBXML.m in Sources */ = {isa = PBXBuildFile; fileRef = 3EA7B8C6916C4B3080876C0D /* TBXML.m */; };
		A12EECC718D04E8998A31A4B /* TileOverlay.m in Sources */ = {isa = PBXBuildFile; fileRef = AA713B94314F4A039293C10A /* TileOverlay.m */; };
		ACCE1065BAA4477795BD8AE5 /* NSData+Base64.m in Sources */ = {isa = PBXBuildFile; fileRef = BC2B0DC08BA746D98AEDB8EC /* NSData+Base64.m */; };
		B7EF74739AB64A1B8B3AA0AE /* MyPluginLayer.m in Sources */ = {isa = PBXBuildFile; fileRef = 4F4DC67117E4424E90A187EF /* MyPluginLayer.m */; };
		67BEA3AD80A142EF90B88913 /* MyReachability.m in Sources */ = {isa = PBXBuildFile; fileRef = 3BC08BE0673649D58BD8CC12 /* MyReachability.m */; };
		C94193C4442648FA9B789356 /* MyPluginLayerDebugView.m in Sources */ = {isa = PBXBuildFile; fileRef = EA3DE81BFCDF4F299DEB295D /* MyPluginLayerDebugView.m */; };
		58FF713592894FB288A01267 /* MyPluginScrollView.m in Sources */ = {isa = PBXBuildFile; fileRef = 8C75945C7EAC48E4B739A527 /* MyPluginScrollView.m */; };
/* End PBXBuildFile section */

/* Begin PBXContainerItemProxy section */
		301BF534109A57CC0062928A /* PBXContainerItemProxy */ = {
			isa = PBXContainerItemProxy;
			containerPortal = 301BF52D109A57CC0062928A /* CordovaLib.xcodeproj */;
			proxyType = 2;
			remoteGlobalIDString = D2AAC07E0554694100DB518D;
			remoteInfo = CordovaLib;
		};
		301BF550109A68C00062928A /* PBXContainerItemProxy */ = {
			isa = PBXContainerItemProxy;
			containerPortal = 301BF52D109A57CC0062928A /* CordovaLib.xcodeproj */;
			proxyType = 1;
			remoteGlobalIDString = D2AAC07D0554694100DB518D;
			remoteInfo = CordovaLib;
		};
/* End PBXContainerItemProxy section */

/* Begin PBXFileReference section */
		0207DA571B56EA530066E2B4 /* Images.xcassets */ = {isa = PBXFileReference; lastKnownFileType = folder.assetcatalog; name = Images.xcassets; path = "Imago/Images.xcassets"; sourceTree = SOURCE_ROOT; };
		1D3623240D0F684500981E51 /* AppDelegate.h */ = {isa = PBXFileReference; fileEncoding = 4; lastKnownFileType = sourcecode.c.h; path = AppDelegate.h; sourceTree = "<group>"; };
		1D3623250D0F684500981E51 /* AppDelegate.m */ = {isa = PBXFileReference; fileEncoding = 4; lastKnownFileType = sourcecode.c.objc; path = AppDelegate.m; sourceTree = "<group>"; };
		1D6058910D05DD3D006BFB54 /* Imago.app */ = {isa = PBXFileReference; explicitFileType = wrapper.application; includeInIndex = 0; path = "Imago.app"; sourceTree = BUILT_PRODUCTS_DIR; };
		29B97316FDCFA39411CA2CEA /* main.m */ = {isa = PBXFileReference; fileEncoding = 4; lastKnownFileType = sourcecode.c.objc; path = main.m; sourceTree = "<group>"; };
		301BF52D109A57CC0062928A /* CordovaLib.xcodeproj */ = {isa = PBXFileReference; lastKnownFileType = "wrapper.pb-project"; name = CordovaLib.xcodeproj; path = CordovaLib/CordovaLib.xcodeproj; sourceTree = "<group>"; };
		301BF56E109A69640062928A /* www */ = {isa = PBXFileReference; lastKnownFileType = folder; path = www; sourceTree = SOURCE_ROOT; };
		302D95EE14D2391D003F00A1 /* MainViewController.h */ = {isa = PBXFileReference; fileEncoding = 4; lastKnownFileType = sourcecode.c.h; path = MainViewController.h; sourceTree = "<group>"; };
		302D95EF14D2391D003F00A1 /* MainViewController.m */ = {isa = PBXFileReference; fileEncoding = 4; lastKnownFileType = sourcecode.c.objc; path = MainViewController.m; sourceTree = "<group>"; };
		302D95F014D2391D003F00A1 /* MainViewController.xib */ = {isa = PBXFileReference; fileEncoding = 4; lastKnownFileType = file.xib; path = MainViewController.xib; sourceTree = "<group>"; };
		3047A50F1AB8059700498E2A /* build-debug.xcconfig */ = {isa = PBXFileReference; fileEncoding = 4; lastKnownFileType = text.xcconfig; name = "build-debug.xcconfig"; path = cordova/build-debug.xcconfig; sourceTree = SOURCE_ROOT; };
		3047A5101AB8059700498E2A /* build-release.xcconfig */ = {isa = PBXFileReference; fileEncoding = 4; lastKnownFileType = text.xcconfig; name = "build-release.xcconfig"; path = cordova/build-release.xcconfig; sourceTree = SOURCE_ROOT; };
		3047A5111AB8059700498E2A /* build.xcconfig */ = {isa = PBXFileReference; fileEncoding = 4; lastKnownFileType = text.xcconfig; name = build.xcconfig; path = cordova/build.xcconfig; sourceTree = SOURCE_ROOT; };
		32CA4F630368D1EE00C91783 /* Imago-Prefix.pch */ = {isa = PBXFileReference; fileEncoding = 4; lastKnownFileType = sourcecode.c.h; path = "Imago-Prefix.pch"; sourceTree = "<group>"; };
		8D1107310486CEB800E47090 /* Imago-Info.plist */ = {isa = PBXFileReference; fileEncoding = 4; lastKnownFileType = text.plist.xml; name = "Imago-Info.plist"; path = "Imago/Imago-Info.plist"; plistStructureDefinitionIdentifier = "com.apple.xcode.plist.structure-definition.iphone.info-plist"; sourceTree = SOURCE_ROOT; };
		EB87FDF31871DA8E0020F90C /* www */ = {isa = PBXFileReference; lastKnownFileType = folder; name = www; path = ../../www; sourceTree = "<group>"; };
		EB87FDF41871DAF40020F90C /* config.xml */ = {isa = PBXFileReference; lastKnownFileType = text.xml; name = config.xml; path = ../../config.xml; sourceTree = "<group>"; };
		F840E1F0165FE0F500CFE078 /* config.xml */ = {isa = PBXFileReference; lastKnownFileType = text.xml; name = config.xml; path = "Imago/config.xml"; sourceTree = "<group>"; };
		ED33DF2A687741AEAF9F8254 /* Bridging-Header.h */ = {isa = PBXFileReference; fileEncoding = 4; lastKnownFileType = sourcecode.c.h; name = "Bridging-Header.h"; path = "Bridging-Header.h"; sourceTree = "<group>"; };
		0AEC2E16FE2949859DBED7EF /* CDVLogger.m */ = {isa = PBXFileReference; name = "CDVLogger.m"; path = "cordova-plugin-console/CDVLogger.m"; sourceTree = "<group>"; fileEncoding = 4; lastKnownFileType = sourcecode.c.objc; explicitFileType = undefined; includeInIndex = 0; };
		8E5801E7889A4468BE6C33AC /* CDVLogger.h */ = {isa = PBXFileReference; name = "CDVLogger.h"; path = "cordova-plugin-console/CDVLogger.h"; sourceTree = "<group>"; fileEncoding = 4; lastKnownFileType = sourcecode.c.h; explicitFileType = undefined; includeInIndex = 0; };
		75E092B4EDAF43489DE6D596 /* CDVDevice.m */ = {isa = PBXFileReference; name = "CDVDevice.m"; path = "cordova-plugin-device/CDVDevice.m"; sourceTree = "<group>"; fileEncoding = 4; lastKnownFileType = sourcecode.c.objc; explicitFileType = undefined; includeInIndex = 0; };
		E441F6C50CB0411B8B364388 /* CDVDevice.h */ = {isa = PBXFileReference; name = "CDVDevice.h"; path = "cordova-plugin-device/CDVDevice.h"; sourceTree = "<group>"; fileEncoding = 4; lastKnownFileType = sourcecode.c.h; explicitFileType = undefined; includeInIndex = 0; };
		327CBE030DCD4D079F38E58C /* CDVSplashScreen.m */ = {isa = PBXFileReference; name = "CDVSplashScreen.m"; path = "cordova-plugin-splashscreen/CDVSplashScreen.m"; sourceTree = "<group>"; fileEncoding = 4; lastKnownFileType = sourcecode.c.objc; explicitFileType = undefined; includeInIndex = 0; };
		17E1AC4099D34E1BBF043FDC /* CDVViewController+SplashScreen.m */ = {isa = PBXFileReference; name = "CDVViewController+SplashScreen.m"; path = "cordova-plugin-splashscreen/CDVViewController+SplashScreen.m"; sourceTree = "<group>"; fileEncoding = 4; lastKnownFileType = sourcecode.c.objc; explicitFileType = undefined; includeInIndex = 0; };
		E61D86C7268B476CA830AC4B /* CDVSplashScreen.h */ = {isa = PBXFileReference; name = "CDVSplashScreen.h"; path = "cordova-plugin-splashscreen/CDVSplashScreen.h"; sourceTree = "<group>"; fileEncoding = 4; lastKnownFileType = sourcecode.c.h; explicitFileType = undefined; includeInIndex = 0; };
		D5A18DC1FECA4449967AEDB5 /* CDVViewController+SplashScreen.h */ = {isa = PBXFileReference; name = "CDVViewController+SplashScreen.h"; path = "cordova-plugin-splashscreen/CDVViewController+SplashScreen.h"; sourceTree = "<group>"; fileEncoding = 4; lastKnownFileType = sourcecode.c.h; explicitFileType = undefined; includeInIndex = 0; };
		0F6FC84C824D4FE192AABB39 /* CDVStatusBar.m */ = {isa = PBXFileReference; name = "CDVStatusBar.m"; path = "cordova-plugin-statusbar/CDVStatusBar.m"; sourceTree = "<group>"; fileEncoding = 4; lastKnownFileType = sourcecode.c.objc; explicitFileType = undefined; includeInIndex = 0; };
		3AABAFA057C342A08885DF7C /* CDVStatusBar.h */ = {isa = PBXFileReference; name = "CDVStatusBar.h"; path = "cordova-plugin-statusbar/CDVStatusBar.h"; sourceTree = "<group>"; fileEncoding = 4; lastKnownFileType = sourcecode.c.h; explicitFileType = undefined; includeInIndex = 0; };
		CD961989CCF44138BF2FF492 /* IonicKeyboard.m */ = {isa = PBXFileReference; name = "IonicKeyboard.m"; path = "ionic-plugin-keyboard/IonicKeyboard.m"; sourceTree = "<group>"; fileEncoding = 4; lastKnownFileType = sourcecode.c.objc; explicitFileType = undefined; includeInIndex = 0; };
		580B7E889B5641A2B0BB5B25 /* IonicKeyboard.h */ = {isa = PBXFileReference; name = "IonicKeyboard.h"; path = "ionic-plugin-keyboard/IonicKeyboard.h"; sourceTree = "<group>"; fileEncoding = 4; lastKnownFileType = sourcecode.c.h; explicitFileType = undefined; includeInIndex = 0; };
		A889542E3B0C4E7E82E5AA15 /* CDVLocation.m */ = {isa = PBXFileReference; name = "CDVLocation.m"; path = "cordova-plugin-geolocation/CDVLocation.m"; sourceTree = "<group>"; fileEncoding = 4; lastKnownFileType = sourcecode.c.objc; explicitFileType = undefined; includeInIndex = 0; };
		E4584D3E10A84558A8D76F86 /* CDVLocation.h */ = {isa = PBXFileReference; name = "CDVLocation.h"; path = "cordova-plugin-geolocation/CDVLocation.h"; sourceTree = "<group>"; fileEncoding = 4; lastKnownFileType = sourcecode.c.h; explicitFileType = undefined; includeInIndex = 0; };
		248AD6677B144BE4ADFEC4E8 /* CoreLocation.framework */ = {isa = PBXFileReference; name = "CoreLocation.framework"; path = "System/Library/Frameworks/CoreLocation.framework"; sourceTree = SDKROOT; fileEncoding = undefined; lastKnownFileType = wrapper.framework; explicitFileType = undefined; includeInIndex = 0; };
		E6066ECF946F4678906BAEE4 /* UIImage+CropScaleOrientation.m */ = {isa = PBXFileReference; name = "UIImage+CropScaleOrientation.m"; path = "cordova-plugin-camera/UIImage+CropScaleOrientation.m"; sourceTree = "<group>"; fileEncoding = 4; lastKnownFileType = sourcecode.c.objc; explicitFileType = undefined; includeInIndex = 0; };
		0C6E81E70BA04115ACC413EB /* CDVCamera.m */ = {isa = PBXFileReference; name = "CDVCamera.m"; path = "cordova-plugin-camera/CDVCamera.m"; sourceTree = "<group>"; fileEncoding = 4; lastKnownFileType = sourcecode.c.objc; explicitFileType = undefined; includeInIndex = 0; };
		C195B930D0D5485EAD1CC1AC /* CDVJpegHeaderWriter.m */ = {isa = PBXFileReference; name = "CDVJpegHeaderWriter.m"; path = "cordova-plugin-camera/CDVJpegHeaderWriter.m"; sourceTree = "<group>"; fileEncoding = 4; lastKnownFileType = sourcecode.c.objc; explicitFileType = undefined; includeInIndex = 0; };
		9CA46B51855F42438DFD3B33 /* UIImage+CropScaleOrientation.h */ = {isa = PBXFileReference; name = "UIImage+CropScaleOrientation.h"; path = "cordova-plugin-camera/UIImage+CropScaleOrientation.h"; sourceTree = "<group>"; fileEncoding = 4; lastKnownFileType = sourcecode.c.h; explicitFileType = undefined; includeInIndex = 0; };
		0CAAB57F0B0043EF8DF0CEBF /* CDVCamera.h */ = {isa = PBXFileReference; name = "CDVCamera.h"; path = "cordova-plugin-camera/CDVCamera.h"; sourceTree = "<group>"; fileEncoding = 4; lastKnownFileType = sourcecode.c.h; explicitFileType = undefined; includeInIndex = 0; };
		28EEBF1C072E4D0D9FA93A0D /* CDVJpegHeaderWriter.h */ = {isa = PBXFileReference; name = "CDVJpegHeaderWriter.h"; path = "cordova-plugin-camera/CDVJpegHeaderWriter.h"; sourceTree = "<group>"; fileEncoding = 4; lastKnownFileType = sourcecode.c.h; explicitFileType = undefined; includeInIndex = 0; };
		E787B29F91534F86BE06A6F0 /* CDVExif.h */ = {isa = PBXFileReference; name = "CDVExif.h"; path = "cordova-plugin-camera/CDVExif.h"; sourceTree = "<group>"; fileEncoding = 4; lastKnownFileType = sourcecode.c.h; explicitFileType = undefined; includeInIndex = 0; };
		E96B1C6931564D899F36AC16 /* ImageIO.framework */ = {isa = PBXFileReference; name = "ImageIO.framework"; path = "System/Library/Frameworks/ImageIO.framework"; sourceTree = SDKROOT; fileEncoding = undefined; lastKnownFileType = wrapper.framework; explicitFileType = undefined; includeInIndex = 0; };
		9FCBA9E9573A46E7A93118A1 /* AVFoundation.framework */ = {isa = PBXFileReference; name = "AVFoundation.framework"; path = "System/Library/Frameworks/AVFoundation.framework"; sourceTree = SDKROOT; fileEncoding = undefined; lastKnownFileType = wrapper.framework; explicitFileType = undefined; includeInIndex = 0; };
		3BF61F836DC44ABFB9253449 /* CDVCompass.m */ = {isa = PBXFileReference; name = "CDVCompass.m"; path = "cordova-plugin-device-orientation/CDVCompass.m"; sourceTree = "<group>"; fileEncoding = 4; lastKnownFileType = sourcecode.c.objc; explicitFileType = undefined; includeInIndex = 0; };
		27CCB94B9B0349968EE1B13A /* CDVCompass.h */ = {isa = PBXFileReference; name = "CDVCompass.h"; path = "cordova-plugin-device-orientation/CDVCompass.h"; sourceTree = "<group>"; fileEncoding = 4; lastKnownFileType = sourcecode.c.h; explicitFileType = undefined; includeInIndex = 0; };
		720824FBBD4D414F83A8365B /* Accelerate.framework */ = {isa = PBXFileReference; name = "Accelerate.framework"; path = "System/Library/Frameworks/Accelerate.framework"; sourceTree = SDKROOT; fileEncoding = undefined; lastKnownFileType = wrapper.framework; explicitFileType = undefined; includeInIndex = 0; };
		B089957618F24AC7A1D84680 /* CoreBluetooth.framework */ = {isa = PBXFileReference; name = "CoreBluetooth.framework"; path = "System/Library/Frameworks/CoreBluetooth.framework"; sourceTree = SDKROOT; fileEncoding = undefined; lastKnownFileType = wrapper.framework; explicitFileType = undefined; includeInIndex = 0; };
		156D90AA01354213840A770A /* CoreData.framework */ = {isa = PBXFileReference; name = "CoreData.framework"; path = "System/Library/Frameworks/CoreData.framework"; sourceTree = SDKROOT; fileEncoding = undefined; lastKnownFileType = wrapper.framework; explicitFileType = undefined; includeInIndex = 0; };
		76CDD007201C4A4AA4AFF701 /* CoreText.framework */ = {isa = PBXFileReference; name = "CoreText.framework"; path = "System/Library/Frameworks/CoreText.framework"; sourceTree = SDKROOT; fileEncoding = undefined; lastKnownFileType = wrapper.framework; explicitFileType = undefined; includeInIndex = 0; };
		AF055322CA7E4BE792232FFB /* GLKit.framework */ = {isa = PBXFileReference; name = "GLKit.framework"; path = "System/Library/Frameworks/GLKit.framework"; sourceTree = SDKROOT; fileEncoding = undefined; lastKnownFileType = wrapper.framework; explicitFileType = undefined; includeInIndex = 0; };
		7674719453EC4E30835A55DA /* libc++.dylib */ = {isa = PBXFileReference; name = "libc++.dylib"; path = "usr/lib/libc++.dylib"; sourceTree = SDKROOT; fileEncoding = undefined; lastKnownFileType = compiled.mach-o.dylib; explicitFileType = undefined; includeInIndex = 0; };
		39CFAE6A68944177AF2DB853 /* libicucore.dylib */ = {isa = PBXFileReference; name = "libicucore.dylib"; path = "usr/lib/libicucore.dylib"; sourceTree = SDKROOT; fileEncoding = undefined; lastKnownFileType = compiled.mach-o.dylib; explicitFileType = undefined; includeInIndex = 0; };
		D25434A017564DD9A83ABA40 /* libz.dylib */ = {isa = PBXFileReference; name = "libz.dylib"; path = "usr/lib/libz.dylib"; sourceTree = SDKROOT; fileEncoding = undefined; lastKnownFileType = compiled.mach-o.dylib; explicitFileType = undefined; includeInIndex = 0; };
		7FEC543EFF034FFF8F0C23C2 /* OpenGLES.framework */ = {isa = PBXFileReference; name = "OpenGLES.framework"; path = "System/Library/Frameworks/OpenGLES.framework"; sourceTree = SDKROOT; fileEncoding = undefined; lastKnownFileType = wrapper.framework; explicitFileType = undefined; includeInIndex = 0; };
		325DCA3B7DEA4118B8AB8FF6 /* QuartzCore.framework */ = {isa = PBXFileReference; name = "QuartzCore.framework"; path = "System/Library/Frameworks/QuartzCore.framework"; sourceTree = SDKROOT; fileEncoding = undefined; lastKnownFileType = wrapper.framework; explicitFileType = undefined; includeInIndex = 0; };
		F552A61BCBE945E29B389285 /* SystemConfiguration.framework */ = {isa = PBXFileReference; name = "SystemConfiguration.framework"; path = "System/Library/Frameworks/SystemConfiguration.framework"; sourceTree = SDKROOT; fileEncoding = undefined; lastKnownFileType = wrapper.framework; explicitFileType = undefined; includeInIndex = 0; };
		CE00CBE3ADA844A79693D8C6 /* Security.framework */ = {isa = PBXFileReference; name = "Security.framework"; path = "System/Library/Frameworks/Security.framework"; sourceTree = SDKROOT; fileEncoding = undefined; lastKnownFileType = wrapper.framework; explicitFileType = undefined; includeInIndex = 0; };
		05A2F0D74F9F4CC58374D778 /* GoogleMaps.bundle */ = {isa = PBXFileReference; name = "GoogleMaps.bundle"; path = "GoogleMaps.bundle"; sourceTree = "<group>"; fileEncoding = undefined; lastKnownFileType = wrapper.plug-in; explicitFileType = undefined; includeInIndex = 0; };
		988D3DC82C194883932AE76E /* GoogleMaps.framework */ = {isa = PBXFileReference; name = "GoogleMaps.framework"; path = "Imago/Plugins/com.googlemaps.ios/GoogleMaps.framework"; sourceTree = "<group>"; fileEncoding = undefined; lastKnownFileType = wrapper.framework; explicitFileType = undefined; includeInIndex = 0; };
		49B2DAEA012647D4BA744B74 /* Circle.m */ = {isa = PBXFileReference; name = "Circle.m"; path = "plugin.google.maps/Circle.m"; sourceTree = "<group>"; fileEncoding = 4; lastKnownFileType = sourcecode.c.objc; explicitFileType = undefined; includeInIndex = 0; };
		40B96D81970543BD9231F855 /* External.m */ = {isa = PBXFileReference; name = "External.m"; path = "plugin.google.maps/External.m"; sourceTree = "<group>"; fileEncoding = 4; lastKnownFileType = sourcecode.c.objc; explicitFileType = undefined; includeInIndex = 0; };
		29485AF9449445F09D4F6A1A /* Geocoder.m */ = {isa = PBXFileReference; name = "Geocoder.m"; path = "plugin.google.maps/Geocoder.m"; sourceTree = "<group>"; fileEncoding = 4; lastKnownFileType = sourcecode.c.objc; explicitFileType = undefined; includeInIndex = 0; };
		614B10AEC9544422B9B91B4B /* GoogleMaps.m */ = {isa = PBXFileReference; name = "GoogleMaps.m"; path = "plugin.google.maps/GoogleMaps.m"; sourceTree = "<group>"; fileEncoding = 4; lastKnownFileType = sourcecode.c.objc; explicitFileType = undefined; includeInIndex = 0; };
		929B06F7CBD74732BAAA7879 /* GoogleMapsViewController.m */ = {isa = PBXFileReference; name = "GoogleMapsViewController.m"; path = "plugin.google.maps/GoogleMapsViewController.m"; sourceTree = "<group>"; fileEncoding = 4; lastKnownFileType = sourcecode.c.objc; explicitFileType = undefined; includeInIndex = 0; };
		B37E12E05E564D5E9259401C /* GroundOverlay.m */ = {isa = PBXFileReference; name = "GroundOverlay.m"; path = "plugin.google.maps/GroundOverlay.m"; sourceTree = "<group>"; fileEncoding = 4; lastKnownFileType = sourcecode.c.objc; explicitFileType = undefined; includeInIndex = 0; };
		5C212EE39EBD4C5490F29A7E /* KmlOverlay.m */ = {isa = PBXFileReference; name = "KmlOverlay.m"; path = "plugin.google.maps/KmlOverlay.m"; sourceTree = "<group>"; fileEncoding = 4; lastKnownFileType = sourcecode.c.objc; explicitFileType = undefined; includeInIndex = 0; };
		1222DEB8CFA74DFAB64BA2C6 /* Map.m */ = {isa = PBXFileReference; name = "Map.m"; path = "plugin.google.maps/Map.m"; sourceTree = "<group>"; fileEncoding = 4; lastKnownFileType = sourcecode.c.objc; explicitFileType = undefined; includeInIndex = 0; };
		79384DB6EF054A1EB91755E4 /* Marker.m */ = {isa = PBXFileReference; name = "Marker.m"; path = "plugin.google.maps/Marker.m"; sourceTree = "<group>"; fileEncoding = 4; lastKnownFileType = sourcecode.c.objc; explicitFileType = undefined; includeInIndex = 0; };
		BB6BECCED7EB47DD9E8E69D2 /* PluginUtil.m */ = {isa = PBXFileReference; name = "PluginUtil.m"; path = "plugin.google.maps/PluginUtil.m"; sourceTree = "<group>"; fileEncoding = 4; lastKnownFileType = sourcecode.c.objc; explicitFileType = undefined; includeInIndex = 0; };
		97E96906197E43B8801F838C /* Polygon.m */ = {isa = PBXFileReference; name = "Polygon.m"; path = "plugin.google.maps/Polygon.m"; sourceTree = "<group>"; fileEncoding = 4; lastKnownFileType = sourcecode.c.objc; explicitFileType = undefined; includeInIndex = 0; };
		DC576F68A1FD4BD396F6E441 /* Polyline.m */ = {isa = PBXFileReference; name = "Polyline.m"; path = "plugin.google.maps/Polyline.m"; sourceTree = "<group>"; fileEncoding = 4; lastKnownFileType = sourcecode.c.objc; explicitFileType = undefined; includeInIndex = 0; };
		3EA7B8C6916C4B3080876C0D /* TBXML.m */ = {isa = PBXFileReference; name = "TBXML.m"; path = "plugin.google.maps/TBXML.m"; sourceTree = "<group>"; fileEncoding = 4; lastKnownFileType = sourcecode.c.objc; explicitFileType = undefined; includeInIndex = 0; };
		AA713B94314F4A039293C10A /* TileOverlay.m */ = {isa = PBXFileReference; name = "TileOverlay.m"; path = "plugin.google.maps/TileOverlay.m"; sourceTree = "<group>"; fileEncoding = 4; lastKnownFileType = sourcecode.c.objc; explicitFileType = undefined; includeInIndex = 0; };
		BC2B0DC08BA746D98AEDB8EC /* NSData+Base64.m */ = {isa = PBXFileReference; name = "NSData+Base64.m"; path = "plugin.google.maps/NSData+Base64.m"; sourceTree = "<group>"; fileEncoding = 4; lastKnownFileType = sourcecode.c.objc; explicitFileType = undefined; includeInIndex = 0; };
		4F4DC67117E4424E90A187EF /* MyPluginLayer.m */ = {isa = PBXFileReference; name = "MyPluginLayer.m"; path = "plugin.google.maps/MyPluginLayer.m"; sourceTree = "<group>"; fileEncoding = 4; lastKnownFileType = sourcecode.c.objc; explicitFileType = undefined; includeInIndex = 0; };
		3BC08BE0673649D58BD8CC12 /* MyReachability.m */ = {isa = PBXFileReference; name = "MyReachability.m"; path = "plugin.google.maps/MyReachability.m"; sourceTree = "<group>"; fileEncoding = 4; lastKnownFileType = sourcecode.c.objc; explicitFileType = undefined; includeInIndex = 0; };
		EA3DE81BFCDF4F299DEB295D /* MyPluginLayerDebugView.m */ = {isa = PBXFileReference; name = "MyPluginLayerDebugView.m"; path = "plugin.google.maps/MyPluginLayerDebugView.m"; sourceTree = "<group>"; fileEncoding = 4; lastKnownFileType = sourcecode.c.objc; explicitFileType = undefined; includeInIndex = 0; };
		8C75945C7EAC48E4B739A527 /* MyPluginScrollView.m */ = {isa = PBXFileReference; name = "MyPluginScrollView.m"; path = "plugin.google.maps/MyPluginScrollView.m"; sourceTree = "<group>"; fileEncoding = 4; lastKnownFileType = sourcecode.c.objc; explicitFileType = undefined; includeInIndex = 0; };
		5D8E04B6586E460DBD5CAF7A /* Circle.h */ = {isa = PBXFileReference; name = "Circle.h"; path = "plugin.google.maps/Circle.h"; sourceTree = "<group>"; fileEncoding = 4; lastKnownFileType = sourcecode.c.h; explicitFileType = undefined; includeInIndex = 0; };
		FF45A0A9F7B143E0A02047CA /* External.h */ = {isa = PBXFileReference; name = "External.h"; path = "plugin.google.maps/External.h"; sourceTree = "<group>"; fileEncoding = 4; lastKnownFileType = sourcecode.c.h; explicitFileType = undefined; includeInIndex = 0; };
		03B71D144F3048EC9C130748 /* Geocoder.h */ = {isa = PBXFileReference; name = "Geocoder.h"; path = "plugin.google.maps/Geocoder.h"; sourceTree = "<group>"; fileEncoding = 4; lastKnownFileType = sourcecode.c.h; explicitFileType = undefined; includeInIndex = 0; };
		BF314CE164234D28957380F5 /* GoogleMaps.h */ = {isa = PBXFileReference; name = "GoogleMaps.h"; path = "plugin.google.maps/GoogleMaps.h"; sourceTree = "<group>"; fileEncoding = 4; lastKnownFileType = sourcecode.c.h; explicitFileType = undefined; includeInIndex = 0; };
		EC3C7BF5A60A40D3B08C7AB9 /* GoogleMapsViewController.h */ = {isa = PBXFileReference; name = "GoogleMapsViewController.h"; path = "plugin.google.maps/GoogleMapsViewController.h"; sourceTree = "<group>"; fileEncoding = 4; lastKnownFileType = sourcecode.c.h; explicitFileType = undefined; includeInIndex = 0; };
		73C5E1DDCD2D48629152E572 /* GroundOverlay.h */ = {isa = PBXFileReference; name = "GroundOverlay.h"; path = "plugin.google.maps/GroundOverlay.h"; sourceTree = "<group>"; fileEncoding = 4; lastKnownFileType = sourcecode.c.h; explicitFileType = undefined; includeInIndex = 0; };
		46FA5555F5094F168BE0DF2E /* KmlOverlay.h */ = {isa = PBXFileReference; name = "KmlOverlay.h"; path = "plugin.google.maps/KmlOverlay.h"; sourceTree = "<group>"; fileEncoding = 4; lastKnownFileType = sourcecode.c.h; explicitFileType = undefined; includeInIndex = 0; };
		42D2A6A7329B41E6A153E4B9 /* Map.h */ = {isa = PBXFileReference; name = "Map.h"; path = "plugin.google.maps/Map.h"; sourceTree = "<group>"; fileEncoding = 4; lastKnownFileType = sourcecode.c.h; explicitFileType = undefined; includeInIndex = 0; };
		83ADEA2D01FB426FA1A04703 /* Marker.h */ = {isa = PBXFileReference; name = "Marker.h"; path = "plugin.google.maps/Marker.h"; sourceTree = "<group>"; fileEncoding = 4; lastKnownFileType = sourcecode.c.h; explicitFileType = undefined; includeInIndex = 0; };
		11C960E879EF4F61AB0EA862 /* MyPlgunProtocol.h */ = {isa = PBXFileReference; name = "MyPlgunProtocol.h"; path = "plugin.google.maps/MyPlgunProtocol.h"; sourceTree = "<group>"; fileEncoding = 4; lastKnownFileType = sourcecode.c.h; explicitFileType = undefined; includeInIndex = 0; };
		570E91A695FA46398D0312E2 /* PluginUtil.h */ = {isa = PBXFileReference; name = "PluginUtil.h"; path = "plugin.google.maps/PluginUtil.h"; sourceTree = "<group>"; fileEncoding = 4; lastKnownFileType = sourcecode.c.h; explicitFileType = undefined; includeInIndex = 0; };
		9490CD76DAA94BA19D4EAC05 /* Polygon.h */ = {isa = PBXFileReference; name = "Polygon.h"; path = "plugin.google.maps/Polygon.h"; sourceTree = "<group>"; fileEncoding = 4; lastKnownFileType = sourcecode.c.h; explicitFileType = undefined; includeInIndex = 0; };
		79B39766A1394541983C487E /* Polyline.h */ = {isa = PBXFileReference; name = "Polyline.h"; path = "plugin.google.maps/Polyline.h"; sourceTree = "<group>"; fileEncoding = 4; lastKnownFileType = sourcecode.c.h; explicitFileType = undefined; includeInIndex = 0; };
		4C0857D8B7404A52B9B3CA69 /* TBXML.h */ = {isa = PBXFileReference; name = "TBXML.h"; path = "plugin.google.maps/TBXML.h"; sourceTree = "<group>"; fileEncoding = 4; lastKnownFileType = sourcecode.c.h; explicitFileType = undefined; includeInIndex = 0; };
		7E53DA372E5A468CAF8D2040 /* TileOverlay.h */ = {isa = PBXFileReference; name = "TileOverlay.h"; path = "plugin.google.maps/TileOverlay.h"; sourceTree = "<group>"; fileEncoding = 4; lastKnownFileType = sourcecode.c.h; explicitFileType = undefined; includeInIndex = 0; };
		F6131999BE564159B59D2510 /* NSData+Base64.h */ = {isa = PBXFileReference; name = "NSData+Base64.h"; path = "plugin.google.maps/NSData+Base64.h"; sourceTree = "<group>"; fileEncoding = 4; lastKnownFileType = sourcecode.c.h; explicitFileType = undefined; includeInIndex = 0; };
		4C93696E04894B9D94440EB4 /* NSData+Base64.podspec */ = {isa = PBXFileReference; name = "NSData+Base64.podspec"; path = "plugin.google.maps/NSData+Base64.podspec"; sourceTree = "<group>"; fileEncoding = undefined; lastKnownFileType = unknown; explicitFileType = undefined; includeInIndex = 0; };
		16A9AF11DFDF4363A54F5179 /* MyPluginLayer.h */ = {isa = PBXFileReference; name = "MyPluginLayer.h"; path = "plugin.google.maps/MyPluginLayer.h"; sourceTree = "<group>"; fileEncoding = 4; lastKnownFileType = sourcecode.c.h; explicitFileType = undefined; includeInIndex = 0; };
		096F34354C514C659DEBD7FC /* MyReachability.h */ = {isa = PBXFileReference; name = "MyReachability.h"; path = "plugin.google.maps/MyReachability.h"; sourceTree = "<group>"; fileEncoding = 4; lastKnownFileType = sourcecode.c.h; explicitFileType = undefined; includeInIndex = 0; };
		33E2909ED1AA470380E00E13 /* MyPluginLayerDebugView.h */ = {isa = PBXFileReference; name = "MyPluginLayerDebugView.h"; path = "plugin.google.maps/MyPluginLayerDebugView.h"; sourceTree = "<group>"; fileEncoding = 4; lastKnownFileType = sourcecode.c.h; explicitFileType = undefined; includeInIndex = 0; };
		882C7083A31B4A6AAC5F010C /* MyPluginScrollView.h */ = {isa = PBXFileReference; name = "MyPluginScrollView.h"; path = "plugin.google.maps/MyPluginScrollView.h"; sourceTree = "<group>"; fileEncoding = 4; lastKnownFileType = sourcecode.c.h; explicitFileType = undefined; includeInIndex = 0; };
/* End PBXFileReference section */

/* Begin PBXFrameworksBuildPhase section */
		1D60588F0D05DD3D006BFB54 /* Frameworks */ = {
			isa = PBXFrameworksBuildPhase;
			buildActionMask = 2147483647;
			files = (
				301BF552109A68D80062928A /* libCordova.a in Frameworks */,
				38689B723413451A9ADB3726 /* CoreLocation.framework in Frameworks */,
				50A513D2EFF649A38D61F4AF /* ImageIO.framework in Frameworks */,
				E537831E2FF74B67B8A7B7C0 /* AVFoundation.framework in Frameworks */,
				53BFCE7641C2457EAE2D2E2A /* Accelerate.framework in Frameworks */,
				EE1962B91F49463792237F5A /* CoreBluetooth.framework in Frameworks */,
				753F5CB349F5413A8E83464B /* CoreData.framework in Frameworks */,
				6DC6F5598F324F898CA979E7 /* CoreText.framework in Frameworks */,
				E6B920BA768F481782FC1AF9 /* GLKit.framework in Frameworks */,
				DF7CF05F581A4953A3AFCD22 /* libc++.dylib in Frameworks */,
				F22D9BC4616547F8ACD8AF30 /* libicucore.dylib in Frameworks */,
				862F7F16815B4DD294978ABF /* libz.dylib in Frameworks */,
				76394EEB270C4FD2A0FDCA75 /* OpenGLES.framework in Frameworks */,
				530968488D34443894F2D697 /* QuartzCore.framework in Frameworks */,
				7183A848218B4767A3093050 /* SystemConfiguration.framework in Frameworks */,
				ACDE981A9B034CC692667BAE /* Security.framework in Frameworks */,
				9B70C3E3F20B4FDFB1D435A8 /* GoogleMaps.framework in Frameworks */,
			);
			runOnlyForDeploymentPostprocessing = 0;
		};
/* End PBXFrameworksBuildPhase section */

/* Begin PBXGroup section */
		080E96DDFE201D6D7F000001 /* Classes */ = {
			isa = PBXGroup;
			children = (
				302D95EE14D2391D003F00A1 /* MainViewController.h */,
				302D95EF14D2391D003F00A1 /* MainViewController.m */,
				302D95F014D2391D003F00A1 /* MainViewController.xib */,
				1D3623240D0F684500981E51 /* AppDelegate.h */,
				1D3623250D0F684500981E51 /* AppDelegate.m */,
			);
			name = Classes;
			path = "Imago/Classes";
			sourceTree = SOURCE_ROOT;
		};
		19C28FACFE9D520D11CA2CBB /* Products */ = {
			isa = PBXGroup;
			children = (
				1D6058910D05DD3D006BFB54 /* Imago.app */,
			);
			name = Products;
			sourceTree = "<group>";
		};
		29B97314FDCFA39411CA2CEA /* CustomTemplate */ = {
			isa = PBXGroup;
			children = (
				EB87FDF41871DAF40020F90C /* config.xml */,
				EB87FDF31871DA8E0020F90C /* www */,
				EB87FDF11871DA420020F90C /* Staging */,
				301BF52D109A57CC0062928A /* CordovaLib.xcodeproj */,
				080E96DDFE201D6D7F000001 /* Classes */,
				307C750510C5A3420062BCA9 /* Plugins */,
				29B97315FDCFA39411CA2CEA /* Other Sources */,
				29B97317FDCFA39411CA2CEA /* Resources */,
				29B97323FDCFA39411CA2CEA /* Frameworks */,
				19C28FACFE9D520D11CA2CBB /* Products */,
			);
			name = CustomTemplate;
			sourceTree = "<group>";
		};
		29B97315FDCFA39411CA2CEA /* Other Sources */ = {
			isa = PBXGroup;
			children = (
				32CA4F630368D1EE00C91783 /* Imago-Prefix.pch */,
				29B97316FDCFA39411CA2CEA /* main.m */,
				ED33DF2A687741AEAF9F8254 /* Bridging-Header.h */,
			);
			name = "Other Sources";
			path = "Imago";
			sourceTree = "<group>";
		};
		29B97317FDCFA39411CA2CEA /* Resources */ = {
			isa = PBXGroup;
			children = (
				0207DA571B56EA530066E2B4 /* Images.xcassets */,
				3047A50E1AB8057F00498E2A /* config */,
				8D1107310486CEB800E47090 /* Imago-Info.plist */,
				05A2F0D74F9F4CC58374D778 /* GoogleMaps.bundle */,
			);
			name = Resources;
			path = "Imago/Resources";
			sourceTree = "<group>";
		};
		29B97323FDCFA39411CA2CEA /* Frameworks */ = {
			isa = PBXGroup;
			children = (
				248AD6677B144BE4ADFEC4E8 /* CoreLocation.framework */,
				E96B1C6931564D899F36AC16 /* ImageIO.framework */,
				9FCBA9E9573A46E7A93118A1 /* AVFoundation.framework */,
				720824FBBD4D414F83A8365B /* Accelerate.framework */,
				B089957618F24AC7A1D84680 /* CoreBluetooth.framework */,
				156D90AA01354213840A770A /* CoreData.framework */,
				76CDD007201C4A4AA4AFF701 /* CoreText.framework */,
				AF055322CA7E4BE792232FFB /* GLKit.framework */,
				7674719453EC4E30835A55DA /* libc++.dylib */,
				39CFAE6A68944177AF2DB853 /* libicucore.dylib */,
				D25434A017564DD9A83ABA40 /* libz.dylib */,
				7FEC543EFF034FFF8F0C23C2 /* OpenGLES.framework */,
				325DCA3B7DEA4118B8AB8FF6 /* QuartzCore.framework */,
				F552A61BCBE945E29B389285 /* SystemConfiguration.framework */,
				CE00CBE3ADA844A79693D8C6 /* Security.framework */,
				988D3DC82C194883932AE76E /* GoogleMaps.framework */,
			);
			name = Frameworks;
			sourceTree = "<group>";
		};
		301BF52E109A57CC0062928A /* Products */ = {
			isa = PBXGroup;
			children = (
				301BF535109A57CC0062928A /* libCordova.a */,
			);
			name = Products;
			sourceTree = "<group>";
		};
		3047A50E1AB8057F00498E2A /* config */ = {
			isa = PBXGroup;
			children = (
				3047A50F1AB8059700498E2A /* build-debug.xcconfig */,
				3047A5101AB8059700498E2A /* build-release.xcconfig */,
				3047A5111AB8059700498E2A /* build.xcconfig */,
			);
			name = config;
			sourceTree = "<group>";
		};
		307C750510C5A3420062BCA9 /* Plugins */ = {
			isa = PBXGroup;
			children = (
				0AEC2E16FE2949859DBED7EF /* CDVLogger.m */,
				8E5801E7889A4468BE6C33AC /* CDVLogger.h */,
				75E092B4EDAF43489DE6D596 /* CDVDevice.m */,
				E441F6C50CB0411B8B364388 /* CDVDevice.h */,
				327CBE030DCD4D079F38E58C /* CDVSplashScreen.m */,
				17E1AC4099D34E1BBF043FDC /* CDVViewController+SplashScreen.m */,
				E61D86C7268B476CA830AC4B /* CDVSplashScreen.h */,
				D5A18DC1FECA4449967AEDB5 /* CDVViewController+SplashScreen.h */,
				0F6FC84C824D4FE192AABB39 /* CDVStatusBar.m */,
				3AABAFA057C342A08885DF7C /* CDVStatusBar.h */,
				CD961989CCF44138BF2FF492 /* IonicKeyboard.m */,
				580B7E889B5641A2B0BB5B25 /* IonicKeyboard.h */,
				A889542E3B0C4E7E82E5AA15 /* CDVLocation.m */,
				E4584D3E10A84558A8D76F86 /* CDVLocation.h */,
				E6066ECF946F4678906BAEE4 /* UIImage+CropScaleOrientation.m */,
				0C6E81E70BA04115ACC413EB /* CDVCamera.m */,
				C195B930D0D5485EAD1CC1AC /* CDVJpegHeaderWriter.m */,
				9CA46B51855F42438DFD3B33 /* UIImage+CropScaleOrientation.h */,
				0CAAB57F0B0043EF8DF0CEBF /* CDVCamera.h */,
				28EEBF1C072E4D0D9FA93A0D /* CDVJpegHeaderWriter.h */,
				E787B29F91534F86BE06A6F0 /* CDVExif.h */,
				3BF61F836DC44ABFB9253449 /* CDVCompass.m */,
				27CCB94B9B0349968EE1B13A /* CDVCompass.h */,
				49B2DAEA012647D4BA744B74 /* Circle.m */,
				40B96D81970543BD9231F855 /* External.m */,
				29485AF9449445F09D4F6A1A /* Geocoder.m */,
				614B10AEC9544422B9B91B4B /* GoogleMaps.m */,
				929B06F7CBD74732BAAA7879 /* GoogleMapsViewController.m */,
				B37E12E05E564D5E9259401C /* GroundOverlay.m */,
				5C212EE39EBD4C5490F29A7E /* KmlOverlay.m */,
				1222DEB8CFA74DFAB64BA2C6 /* Map.m */,
				79384DB6EF054A1EB91755E4 /* Marker.m */,
				BB6BECCED7EB47DD9E8E69D2 /* PluginUtil.m */,
				97E96906197E43B8801F838C /* Polygon.m */,
				DC576F68A1FD4BD396F6E441 /* Polyline.m */,
				3EA7B8C6916C4B3080876C0D /* TBXML.m */,
				AA713B94314F4A039293C10A /* TileOverlay.m */,
				BC2B0DC08BA746D98AEDB8EC /* NSData+Base64.m */,
				4F4DC67117E4424E90A187EF /* MyPluginLayer.m */,
				3BC08BE0673649D58BD8CC12 /* MyReachability.m */,
				EA3DE81BFCDF4F299DEB295D /* MyPluginLayerDebugView.m */,
				8C75945C7EAC48E4B739A527 /* MyPluginScrollView.m */,
				5D8E04B6586E460DBD5CAF7A /* Circle.h */,
				FF45A0A9F7B143E0A02047CA /* External.h */,
				03B71D144F3048EC9C130748 /* Geocoder.h */,
				BF314CE164234D28957380F5 /* GoogleMaps.h */,
				EC3C7BF5A60A40D3B08C7AB9 /* GoogleMapsViewController.h */,
				73C5E1DDCD2D48629152E572 /* GroundOverlay.h */,
				46FA5555F5094F168BE0DF2E /* KmlOverlay.h */,
				42D2A6A7329B41E6A153E4B9 /* Map.h */,
				83ADEA2D01FB426FA1A04703 /* Marker.h */,
				11C960E879EF4F61AB0EA862 /* MyPlgunProtocol.h */,
				570E91A695FA46398D0312E2 /* PluginUtil.h */,
				9490CD76DAA94BA19D4EAC05 /* Polygon.h */,
				79B39766A1394541983C487E /* Polyline.h */,
				4C0857D8B7404A52B9B3CA69 /* TBXML.h */,
				7E53DA372E5A468CAF8D2040 /* TileOverlay.h */,
				F6131999BE564159B59D2510 /* NSData+Base64.h */,
				4C93696E04894B9D94440EB4 /* NSData+Base64.podspec */,
				16A9AF11DFDF4363A54F5179 /* MyPluginLayer.h */,
				096F34354C514C659DEBD7FC /* MyReachability.h */,
				33E2909ED1AA470380E00E13 /* MyPluginLayerDebugView.h */,
				882C7083A31B4A6AAC5F010C /* MyPluginScrollView.h */,
			);
			name = Plugins;
			path = "Imago/Plugins";
			sourceTree = SOURCE_ROOT;
		};
		EB87FDF11871DA420020F90C /* Staging */ = {
			isa = PBXGroup;
			children = (
				F840E1F0165FE0F500CFE078 /* config.xml */,
				301BF56E109A69640062928A /* www */,
			);
			name = Staging;
			sourceTree = "<group>";
		};
/* End PBXGroup section */

/* Begin PBXNativeTarget section */
		1D6058900D05DD3D006BFB54 /* Imago */ = {
			isa = PBXNativeTarget;
			buildConfigurationList = 1D6058960D05DD3E006BFB54 /* Build configuration list for PBXNativeTarget "Imago" */;
			buildPhases = (
				304B58A110DAC018002A0835 /* Copy www directory */,
				1D60588D0D05DD3D006BFB54 /* Resources */,
				1D60588E0D05DD3D006BFB54 /* Sources */,
				1D60588F0D05DD3D006BFB54 /* Frameworks */,
			);
			buildRules = (
			);
			dependencies = (
				301BF551109A68C00062928A /* PBXTargetDependency */,
			);
			name = "Imago";
			productName = "Imago";
			productReference = 1D6058910D05DD3D006BFB54 /* Imago.app */;
			productType = "com.apple.product-type.application";
		};
/* End PBXNativeTarget section */

/* Begin PBXProject section */
		29B97313FDCFA39411CA2CEA /* Project object */ = {
			isa = PBXProject;
			attributes = {
				LastUpgradeCheck = 510;
			};
			buildConfigurationList = C01FCF4E08A954540054247B /* Build configuration list for PBXProject "__NON-CLI__" */;
			compatibilityVersion = "Xcode 3.2";
			developmentRegion = English;
			hasScannedForEncodings = 1;
			mainGroup = 29B97314FDCFA39411CA2CEA /* CustomTemplate */;
			projectDirPath = "";
			projectReferences = (
				{
					ProductGroup = 301BF52E109A57CC0062928A /* Products */;
					ProjectRef = 301BF52D109A57CC0062928A /* CordovaLib.xcodeproj */;
				},
			);
			projectRoot = "";
			targets = (
				1D6058900D05DD3D006BFB54 /* Imago */,
			);
		};
/* End PBXProject section */

/* Begin PBXReferenceProxy section */
		301BF535109A57CC0062928A /* libCordova.a */ = {
			isa = PBXReferenceProxy;
			fileType = archive.ar;
			path = libCordova.a;
			remoteRef = 301BF534109A57CC0062928A /* PBXContainerItemProxy */;
			sourceTree = BUILT_PRODUCTS_DIR;
		};
/* End PBXReferenceProxy section */

/* Begin PBXResourcesBuildPhase section */
		1D60588D0D05DD3D006BFB54 /* Resources */ = {
			isa = PBXResourcesBuildPhase;
			buildActionMask = 2147483647;
			files = (
				302D95F214D2391D003F00A1 /* MainViewController.xib in Resources */,
				3047A5131AB8059700498E2A /* build-release.xcconfig in Resources */,
				3047A5141AB8059700498E2A /* build.xcconfig in Resources */,
				0207DA581B56EA530066E2B4 /* Images.xcassets in Resources */,
				3047A5121AB8059700498E2A /* build-debug.xcconfig in Resources */,
				E89B140C1D664BAE81C347DA /* GoogleMaps.bundle in Resources */,
			);
			runOnlyForDeploymentPostprocessing = 0;
		};
/* End PBXResourcesBuildPhase section */

/* Begin PBXShellScriptBuildPhase section */
		304B58A110DAC018002A0835 /* Copy www directory */ = {
			isa = PBXShellScriptBuildPhase;
			buildActionMask = 2147483647;
			files = (
			);
			inputPaths = (
			);
			name = "Copy www directory";
			outputPaths = (
			);
			runOnlyForDeploymentPostprocessing = 0;
			shellPath = /bin/sh;
			shellScript = "NODEJS_PATH=/usr/local/bin; NVM_NODE_PATH=~/.nvm/versions/node/`nvm version 2>/dev/null`/bin; N_NODE_PATH=`find /usr/local/n/versions/node/* -maxdepth 0 -type d 2>/dev/null | tail -1`/bin; XCODE_NODE_PATH=`xcode-select --print-path`/usr/share/xcs/Node/bin; PATH=$NODEJS_PATH:$NVM_NODE_PATH:$N_NODE_PATH:$XCODE_NODE_PATH:$PATH && node cordova/lib/copy-www-build-step.js";
			showEnvVarsInLog = 0;
		};
/* End PBXShellScriptBuildPhase section */

/* Begin PBXSourcesBuildPhase section */
		1D60588E0D05DD3D006BFB54 /* Sources */ = {
			isa = PBXSourcesBuildPhase;
			buildActionMask = 2147483647;
			files = (
				1D60589B0D05DD56006BFB54 /* main.m in Sources */,
				1D3623260D0F684500981E51 /* AppDelegate.m in Sources */,
				302D95F114D2391D003F00A1 /* MainViewController.m in Sources */,
				B48E9FA9F94E40279745A21A /* CDVLogger.m in Sources */,
				BDC7146435BC4E2A9FC5C917 /* CDVDevice.m in Sources */,
				3654857B6A274EB3A101232F /* CDVSplashScreen.m in Sources */,
				E891FD11D2534341A23CD95F /* CDVViewController+SplashScreen.m in Sources */,
				FA097686C15043C58EF02C52 /* CDVStatusBar.m in Sources */,
				D0E031538FDD4D9C92F88EEC /* IonicKeyboard.m in Sources */,
				2FC3C3AE8ADF440C89E7CE2E /* CDVLocation.m in Sources */,
				45FF44995505472CA57FE328 /* UIImage+CropScaleOrientation.m in Sources */,
				0C01BC345AF842DE8DCA621C /* CDVCamera.m in Sources */,
				290152A700C04692860633C9 /* CDVJpegHeaderWriter.m in Sources */,
				74129F9843A046958034C98F /* CDVCompass.m in Sources */,
				D3ABC3422A314AEEBC851EAA /* Circle.m in Sources */,
				7A4E15096DBD4444B7B76F5A /* External.m in Sources */,
				DC67C870D6B54937977B6360 /* Geocoder.m in Sources */,
				6DAD138475BD4CFB95D1BA4D /* GoogleMaps.m in Sources */,
				3CBD7A05D55C49FE9B314E2E /* GoogleMapsViewController.m in Sources */,
				09AC27572578464BA6C3B6FD /* GroundOverlay.m in Sources */,
				3D725040D45248A8B6789E6C /* KmlOverlay.m in Sources */,
				40385B95838D4EBEAA933F86 /* Map.m in Sources */,
				1655C532BF374A07AF812FB1 /* Marker.m in Sources */,
				C8F0C23AAEB74295B0D1B205 /* PluginUtil.m in Sources */,
				4D3813D069D24AEB9A9AD16F /* Polygon.m in Sources */,
				1CE832AA346B4151A95436B5 /* Polyline.m in Sources */,
				CD1B4B8A239D44D3B988B22F /* TBXML.m in Sources */,
				A12EECC718D04E8998A31A4B /* TileOverlay.m in Sources */,
				ACCE1065BAA4477795BD8AE5 /* NSData+Base64.m in Sources */,
				B7EF74739AB64A1B8B3AA0AE /* MyPluginLayer.m in Sources */,
				67BEA3AD80A142EF90B88913 /* MyReachability.m in Sources */,
				C94193C4442648FA9B789356 /* MyPluginLayerDebugView.m in Sources */,
				58FF713592894FB288A01267 /* MyPluginScrollView.m in Sources */,
			);
			runOnlyForDeploymentPostprocessing = 0;
		};
/* End PBXSourcesBuildPhase section */

/* Begin PBXTargetDependency section */
		301BF551109A68C00062928A /* PBXTargetDependency */ = {
			isa = PBXTargetDependency;
			name = CordovaLib;
			targetProxy = 301BF550109A68C00062928A /* PBXContainerItemProxy */;
		};
/* End PBXTargetDependency section */

/* Begin XCBuildConfiguration section */
		1D6058940D05DD3E006BFB54 /* Debug */ = {
			isa = XCBuildConfiguration;
			baseConfigurationReference = 3047A50F1AB8059700498E2A /* build-debug.xcconfig */;
			buildSettings = {
				ALWAYS_SEARCH_USER_PATHS = NO;
				ASSETCATALOG_COMPILER_APPICON_NAME = AppIcon;
				ASSETCATALOG_COMPILER_LAUNCHIMAGE_NAME = LaunchImage;
				CLANG_ENABLE_MODULES = YES;
				CLANG_ENABLE_OBJC_ARC = YES;
				COPY_PHASE_STRIP = NO;
				GCC_DYNAMIC_NO_PIC = NO;
				GCC_OPTIMIZATION_LEVEL = 0;
				GCC_PRECOMPILE_PREFIX_HEADER = YES;
				GCC_PREFIX_HEADER = "Imago/Imago-Prefix.pch";
				GCC_THUMB_SUPPORT = NO;
				GCC_VERSION = "";
				INFOPLIST_FILE = "Imago/Imago-Info.plist";
				LD_RUNPATH_SEARCH_PATHS = "@executable_path/Frameworks";
				PRODUCT_NAME = "Imago";
				FRAMEWORK_SEARCH_PATHS = (
					"$(inherited)",
					"\"Imago/Plugins/com.googlemaps.ios\"",
					"\"Imago/Plugins/com.googlemaps.ios\"",
					"\"Imago/Plugins/com.googlemaps.ios\"",
				);
			};
			name = Debug;
		};
		1D6058950D05DD3E006BFB54 /* Release */ = {
			isa = XCBuildConfiguration;
			baseConfigurationReference = 3047A5101AB8059700498E2A /* build-release.xcconfig */;
			buildSettings = {
				ALWAYS_SEARCH_USER_PATHS = NO;
				ASSETCATALOG_COMPILER_APPICON_NAME = AppIcon;
				ASSETCATALOG_COMPILER_LAUNCHIMAGE_NAME = LaunchImage;
				CLANG_ENABLE_MODULES = YES;
				CLANG_ENABLE_OBJC_ARC = YES;
				COPY_PHASE_STRIP = YES;
				GCC_PRECOMPILE_PREFIX_HEADER = YES;
				GCC_PREFIX_HEADER = "Imago/Imago-Prefix.pch";
				GCC_THUMB_SUPPORT = NO;
				GCC_VERSION = "";
				INFOPLIST_FILE = "Imago/Imago-Info.plist";
				PRODUCT_NAME = "Imago";
				FRAMEWORK_SEARCH_PATHS = (
					"$(inherited)",
					"\"Imago/Plugins/com.googlemaps.ios\"",
					"\"Imago/Plugins/com.googlemaps.ios\"",
					"\"Imago/Plugins/com.googlemaps.ios\"",
				);
			};
			name = Release;
		};
		C01FCF4F08A954540054247B /* Debug */ = {
			isa = XCBuildConfiguration;
			baseConfigurationReference = 3047A5111AB8059700498E2A /* build.xcconfig */;
			buildSettings = {
				CLANG_ENABLE_MODULES = YES;
				CLANG_ENABLE_OBJC_ARC = YES;
				CLANG_WARN_BOOL_CONVERSION = YES;
				CLANG_WARN_CONSTANT_CONVERSION = YES;
				CLANG_WARN_EMPTY_BODY = YES;
				CLANG_WARN_ENUM_CONVERSION = YES;
				CLANG_WARN_INT_CONVERSION = YES;
				CLANG_WARN__DUPLICATE_METHOD_MATCH = YES;
				GCC_C_LANGUAGE_STANDARD = c99;
				GCC_THUMB_SUPPORT = NO;
				GCC_VERSION = "";
				GCC_WARN_ABOUT_RETURN_TYPE = YES;
				GCC_WARN_UNDECLARED_SELECTOR = YES;
				GCC_WARN_UNINITIALIZED_AUTOS = YES;
				GCC_WARN_UNUSED_FUNCTION = YES;
				GCC_WARN_UNUSED_VARIABLE = YES;
				ONLY_ACTIVE_ARCH = YES;
				SDKROOT = iphoneos;
				SKIP_INSTALL = NO;
				PRODUCT_NAME = "Imago";
				FRAMEWORK_SEARCH_PATHS = (
					"$(inherited)",
					"\"Imago/Plugins/com.googlemaps.ios\"",
					"\"Imago/Plugins/com.googlemaps.ios\"",
				);
			};
			name = Debug;
		};
		C01FCF5008A954540054247B /* Release */ = {
			isa = XCBuildConfiguration;
			baseConfigurationReference = 3047A5111AB8059700498E2A /* build.xcconfig */;
			buildSettings = {
				CLANG_ENABLE_MODULES = YES;
				CLANG_ENABLE_OBJC_ARC = YES;
				CLANG_WARN_BOOL_CONVERSION = YES;
				CLANG_WARN_CONSTANT_CONVERSION = YES;
				CLANG_WARN_EMPTY_BODY = YES;
				CLANG_WARN_ENUM_CONVERSION = YES;
				CLANG_WARN_INT_CONVERSION = YES;
				CLANG_WARN__DUPLICATE_METHOD_MATCH = YES;
				GCC_C_LANGUAGE_STANDARD = c99;
				GCC_THUMB_SUPPORT = NO;
				GCC_VERSION = "";
				GCC_WARN_ABOUT_RETURN_TYPE = YES;
				GCC_WARN_UNDECLARED_SELECTOR = YES;
				GCC_WARN_UNINITIALIZED_AUTOS = YES;
				GCC_WARN_UNUSED_FUNCTION = YES;
				GCC_WARN_UNUSED_VARIABLE = YES;
				SDKROOT = iphoneos;
				SKIP_INSTALL = NO;
				PRODUCT_NAME = "Imago";
				FRAMEWORK_SEARCH_PATHS = (
					"$(inherited)",
					"\"Imago/Plugins/com.googlemaps.ios\"",
					"\"Imago/Plugins/com.googlemaps.ios\"",
				);
			};
			name = Release;
		};
/* End XCBuildConfiguration section */

/* Begin XCConfigurationList section */
		1D6058960D05DD3E006BFB54 /* Build configuration list for PBXNativeTarget "Imago" */ = {
			isa = XCConfigurationList;
			buildConfigurations = (
				1D6058940D05DD3E006BFB54 /* Debug */,
				1D6058950D05DD3E006BFB54 /* Release */,
			);
			defaultConfigurationIsVisible = 0;
			defaultConfigurationName = Release;
		};
		C01FCF4E08A954540054247B /* Build configuration list for PBXProject "__NON-CLI__" */ = {
			isa = XCConfigurationList;
			buildConfigurations = (
				C01FCF4F08A954540054247B /* Debug */,
				C01FCF5008A954540054247B /* Release */,
			);
			defaultConfigurationIsVisible = 0;
			defaultConfigurationName = Release;
		};
/* End XCConfigurationList section */
	};
	rootObject = 29B97313FDCFA39411CA2CEA /* Project object */;
}
